
Microsoft Visual Studio Solution File, Format Version 12.00
# Visual Studio 15
VisualStudioVersion = 15.0.26430.6
MinimumVisualStudioVersion = 10.0.40219.1
Project("{FAE04EC0-301F-11D3-BF4B-00C04F79EFBC}") = "ProfileDataCaptureSample1", "ProfileDataCaptureSample1\ProfileDataCaptureSample1.csproj", "{C5E2A68A-F4C2-4D7B-A626-40B4B0D3DB8A}"
EndProject
Global
	GlobalSection(SolutionConfigurationPlatforms) = preSolution
		Debug|Any CPU = Debug|Any CPU
		Release|Any CPU = Release|Any CPU
	EndGlobalSection
	GlobalSection(ProjectConfigurationPlatforms) = postSolution
		{C5E2A68A-F4C2-4D7B-A626-40B4B0D3DB8A}.Debug|Any CPU.ActiveCfg = Release|Any CPU
		{C5E2A68A-F4C2-4D7B-A626-40B4B0D3DB8A}.Debug|Any CPU.Build.0 = Release|Any CPU
		{C5E2A68A-F4C2-4D7B-A626-40B4B0D3DB8A}.Debug|Any CPU.Deploy.0 = Release|Any CPU
		{C5E2A68A-F4C2-4D7B-A626-40B4B0D3DB8A}.Release|Any CPU.ActiveCfg = Release|Any CPU
		{C5E2A68A-F4C2-4D7B-A626-40B4B0D3DB8A}.Release|Any CPU.Build.0 = Release|Any CPU
		{C5E2A68A-F4C2-4D7B-A626-40B4B0D3DB8A}.Release|Any CPU.Deploy.0 = Release|Any CPU
	EndGlobalSection
	GlobalSection(SolutionProperties) = preSolution
		HideSolutionNode = FALSE
	EndGlobalSection
EndGlobal
